<?xml version="1.0" encoding="utf-8"?>
<Project ToolsVersion="4.0" xmlns="http://schemas.microsoft.com/developer/msbuild/2003">
  <ItemGroup>
    <Filter Include="core">
      <UniqueIdentifier>{a54e8c39-7793-45da-9e91-54b511f5865f}</UniqueIdentifier>
    </Filter>
    <Filter Include="mahjong">
      <UniqueIdentifier>{74932c26-a61e-4dd1-9bfb-7374beece516}</UniqueIdentifier>
    </Filter>
    <Filter Include="mahjong\ai">
      <UniqueIdentifier>{09ba65b0-be25-44ef-be96-e1583650cd4b}</UniqueIdentifier>
    </Filter>
    <Filter Include="mahjong\SiChuanMj">
      <UniqueIdentifier>{72884381-004c-4ddc-9e27-19d7faae9d9f}</UniqueIdentifier>
    </Filter>
  </ItemGroup>
  <ItemGroup>
    <ClCompile Include="core\LCard.cpp">
      <Filter>core</Filter>
    </ClCompile>
    <ClCompile Include="core\LCardOperate.cpp">
      <Filter>core</Filter>
    </ClCompile>
    <ClCompile Include="core\LClockActive.cpp">
      <Filter>core</Filter>
    </ClCompile>
    <ClCompile Include="core\LRight.cpp">
      <Filter>core</Filter>
    </ClCompile>
    <ClCompile Include="mahjong\LMjDesk.cpp">
      <Filter>mahjong</Filter>
    </ClCompile>
    <ClCompile Include="mahjong\LMjLogic.cpp">
      <Filter>mahjong</Filter>
    </ClCompile>
    <ClCompile Include="mahjong\LMjPlayer.cpp">
      <Filter>mahjong</Filter>
    </ClCompile>
    <ClCompile Include="mahjong\ai\BasicThink.cpp">
      <Filter>mahjong\ai</Filter>
    </ClCompile>
    <ClCompile Include="mahjong\ai\CleverThink.cpp">
      <Filter>mahjong\ai</Filter>
    </ClCompile>
    <ClCompile Include="mahjong\ai\CmpThink.cpp">
      <Filter>mahjong\ai</Filter>
    </ClCompile>
    <ClCompile Include="mahjong\ai\AbstractThink.cpp">
      <Filter>mahjong\ai</Filter>
    </ClCompile>
    <ClCompile Include="core\LDicePair.cpp">
      <Filter>core</Filter>
    </ClCompile>
    <ClCompile Include="core\TimerCore.cpp">
      <Filter>core</Filter>
    </ClCompile>
    <ClCompile Include="core\LCpp11Timer.cpp">
      <Filter>core</Filter>
    </ClCompile>
    <ClCompile Include="core\LGameDispatcher.cpp">
      <Filter>core</Filter>
    </ClCompile>
    <ClCompile Include="core\LMjCard.cpp">
      <Filter>core</Filter>
    </ClCompile>
    <ClCompile Include="mahjong\SiChuanMj\SiChuanMjDesk.cpp">
      <Filter>mahjong\SiChuanMj</Filter>
    </ClCompile>
    <ClCompile Include="mahjong\SiChuanMj\SiChuanMjLogic.cpp">
      <Filter>mahjong\SiChuanMj</Filter>
    </ClCompile>
    <ClCompile Include="mahjong\ai\LBasicThink.cpp">
      <Filter>mahjong\ai</Filter>
    </ClCompile>
    <ClCompile Include="mahjong\ai\LCmpThink.cpp">
      <Filter>mahjong\ai</Filter>
    </ClCompile>
    <ClCompile Include="mahjong\SiChuanMj\SiChuanMjPlayer.cpp">
      <Filter>mahjong\SiChuanMj</Filter>
    </ClCompile>
  </ItemGroup>
  <ItemGroup>
    <ClInclude Include="core\LCard.h">
      <Filter>core</Filter>
    </ClInclude>
    <ClInclude Include="core\LCardOperate.h">
      <Filter>core</Filter>
    </ClInclude>
    <ClInclude Include="core\LClockActive.h">
      <Filter>core</Filter>
    </ClInclude>
    <ClInclude Include="core\LRight.h">
      <Filter>core</Filter>
    </ClInclude>
    <ClInclude Include="mahjong\LMjDesk.h">
      <Filter>mahjong</Filter>
    </ClInclude>
    <ClInclude Include="mahjong\LMjLogic.h">
      <Filter>mahjong</Filter>
    </ClInclude>
    <ClInclude Include="mahjong\LMjPlayer.h">
      <Filter>mahjong</Filter>
    </ClInclude>
    <ClInclude Include="mahjong\ai\BasicThink.h">
      <Filter>mahjong\ai</Filter>
    </ClInclude>
    <ClInclude Include="mahjong\ai\CleverThink.h">
      <Filter>mahjong\ai</Filter>
    </ClInclude>
    <ClInclude Include="mahjong\ai\CmpThink.h">
      <Filter>mahjong\ai</Filter>
    </ClInclude>
    <ClInclude Include="mahjong\ai\AbstractThink.h">
      <Filter>mahjong\ai</Filter>
    </ClInclude>
    <ClInclude Include="core\LDicePair.h">
      <Filter>core</Filter>
    </ClInclude>
    <ClInclude Include="core\TimerCore.h">
      <Filter>core</Filter>
    </ClInclude>
    <ClInclude Include="core\LCpp11Timer.h">
      <Filter>core</Filter>
    </ClInclude>
    <ClInclude Include="core\LGameDispatcher.h">
      <Filter>core</Filter>
    </ClInclude>
    <ClInclude Include="core\LMjCard.h">
      <Filter>core</Filter>
    </ClInclude>
    <ClInclude Include="mahjong\SiChuanMj\SiChuanMjDesk.h">
      <Filter>mahjong\SiChuanMj</Filter>
    </ClInclude>
    <ClInclude Include="mahjong\SiChuanMj\SiChuanMjLogic.h">
      <Filter>mahjong\SiChuanMj</Filter>
    </ClInclude>
    <ClInclude Include="core\LMjDef.h">
      <Filter>core</Filter>
    </ClInclude>
    <ClInclude Include="mahjong\ai\LBasicThink.h">
      <Filter>mahjong\ai</Filter>
    </ClInclude>
    <ClInclude Include="mahjong\ai\LCmpThink.h">
      <Filter>mahjong\ai</Filter>
    </ClInclude>
    <ClInclude Include="mahjong\SiChuanMj\SiChuanMjPlayer.h">
      <Filter>mahjong\SiChuanMj</Filter>
    </ClInclude>
  </ItemGroup>
</Project>