<?xml version="1.0" encoding="utf-8"?>
<Project ToolsVersion="4.0" xmlns="http://schemas.microsoft.com/developer/msbuild/2003">
  <ItemGroup>
    <ClCompile Include="GameDll.cpp">
      <Filter>源文件</Filter>
    </ClCompile>
    <ClCompile Include="..\..\..\hallsdk\include\Game\GameLog.cpp">
      <Filter>源文件</Filter>
    </ClCompile>
    <ClCompile Include="..\..\..\hallsdk\include\Game\Server\CGameDesk.cpp">
      <Filter>源文件</Filter>
    </ClCompile>
    <ClCompile Include="CMJLogic.cpp">
      <Filter>源文件</Filter>
    </ClCompile>
    <ClCompile Include="CMJDesk.cpp">
      <Filter>源文件</Filter>
    </ClCompile>
  </ItemGroup>
  <ItemGroup>
    <ClInclude Include="MjCommonDef.h">
      <Filter>头文件</Filter>
    </ClInclude>
    <ClInclude Include="..\..\..\hallsdk\include\Game\GameLog.h">
      <Filter>头文件</Filter>
    </ClInclude>
    <ClInclude Include="..\..\..\hallsdk\include\Game\Server\CGameDesk.h">
      <Filter>头文件</Filter>
    </ClInclude>
    <ClInclude Include="UpgradeMessage.h">
      <Filter>头文件</Filter>
    </ClInclude>
    <ClInclude Include="CMJLogic.h">
      <Filter>头文件</Filter>
    </ClInclude>
    <ClInclude Include="CMJDesk.h">
      <Filter>头文件</Filter>
    </ClInclude>
  </ItemGroup>
  <ItemGroup>
    <Filter Include="头文件">
      <UniqueIdentifier>{92af5a6f-91d0-4f44-b84b-c3d7cf60f2fd}</UniqueIdentifier>
    </Filter>
    <Filter Include="源文件">
      <UniqueIdentifier>{ca3b7347-92a4-4b98-8019-5eeb848c9f0d}</UniqueIdentifier>
    </Filter>
  </ItemGroup>
</Project>