Microsoft Visual Studio Solution File, Format Version 11.00
# Visual Studio 2010
Project("{E1A87B4A-D27C-47AA-9E23-814E938D4EF5}") = "Server", "Server\Server.vcxproj", "{6FBBDC82-FC68-49E0-9DD3-6051F79DC498}"
EndProject
Global
	GlobalSection(SolutionConfigurationPlatforms) = preSolution
		Debug|Win32 = Debug|Win32
		Release|Win32 = Release|Win32
	EndGlobalSection
	GlobalSection(ProjectConfigurationPlatforms) = postSolution
		{6FBBDC82-FC68-49E0-9DD3-6051F79DC498}.Debug|Win32.ActiveCfg = Debug|Win32
		{6FBBDC82-FC68-49E0-9DD3-6051F79DC498}.Debug|Win32.Build.0 = Debug|Win32
		{6FBBDC82-FC68-49E0-9DD3-6051F79DC498}.Release|Win32.ActiveCfg = Release|Win32
		{6FBBDC82-FC68-49E0-9DD3-6051F79DC498}.Release|Win32.Build.0 = Release|Win32
	EndGlobalSection
	GlobalSection(SolutionProperties) = preSolution
		HideSolutionNode = FALSE
	EndGlobalSection
EndGlobal
